
Microsoft Visual Studio Solution File, Format Version 12.00
# Visual Studio Version 17
VisualStudioVersion = 17.6.33723.286
MinimumVisualStudioVersion = 10.0.40219.1
Project("{9A19103F-16F7-4668-BE54-9A1E7A4F7556}") = "Ejercicio_OpenBootcamp", "HolaMundo\Ejercicio_OpenBootcamp.csproj", "{F065837B-1D93-4BEE-A3A0-54160131CE94}"
EndProject
Global
	GlobalSection(SolutionConfigurationPlatforms) = preSolution
		Debug|Any CPU = Debug|Any CPU
		Release|Any CPU = Release|Any CPU
	EndGlobalSection
	GlobalSection(ProjectConfigurationPlatforms) = postSolution
		{F065837B-1D93-4BEE-A3A0-54160131CE94}.Debug|Any CPU.ActiveCfg = Debug|Any CPU
		{F065837B-1D93-4BEE-A3A0-54160131CE94}.Debug|Any CPU.Build.0 = Debug|Any CPU
		{F065837B-1D93-4BEE-A3A0-54160131CE94}.Release|Any CPU.ActiveCfg = Release|Any CPU
		{F065837B-1D93-4BEE-A3A0-54160131CE94}.Release|Any CPU.Build.0 = Release|Any CPU
	EndGlobalSection
	GlobalSection(SolutionProperties) = preSolution
		HideSolutionNode = FALSE
	EndGlobalSection
	GlobalSection(ExtensibilityGlobals) = postSolution
		SolutionGuid = {858830AB-DE64-4F38-9154-493C39D9E969}
	EndGlobalSection
EndGlobal
